{
  "version": 4,
  "terraform_version": "1.6.4",
  "serial": 55,
  "lineage": "df97ecb4-d3de-0548-8e2a-8d5dc26fa90d",
  "outputs": {},
  "resources": [
    {
      "mode": "data",
      "type": "archive_file",
      "name": "function_face_cut_zip",
      "provider": "provider[\"registry.terraform.io/hashicorp/archive\"]",
      "instances": [
        {
          "schema_version": 0,
          "attributes": {
            "exclude_symlink_directories": null,
            "excludes": null,
            "id": "0d5f08833e9fd135bc57ea81e43ed6e39808cd21",
            "output_base64sha256": "7/FH9XkLV4HvSy80V8UccwcAU+JCdhj2rzPozW9S8MI=",
            "output_base64sha512": "IIfiT6YuEgopYtk341caszBzEZCg9FqLlVE1OHFQG7nthysGonmulThfI9fdEBwwnhGKcl1gzdbP4PkoXJhBsA==",
            "output_file_mode": null,
            "output_md5": "4a56d2a579da41602bb4429c0ef875e6",
            "output_path": "function-face-cut.zip",
            "output_sha": "0d5f08833e9fd135bc57ea81e43ed6e39808cd21",
            "output_sha256": "eff147f5790b5781ef4b2f3457c51c73070053e2427618f6af33e8cd6f52f0c2",
            "output_sha512": "2087e24fa62e120a2962d937e3571ab330731190a0f45a8b9551353871501bb9ed872b06a279ae95385f23d7dd101c309e118a725d60cdd6cfe0f9285c9841b0",
            "output_size": 5449,
            "source": [],
            "source_content": null,
            "source_content_filename": null,
            "source_dir": "./function-face-cut",
            "source_file": null,
            "type": "zip"
          },
          "sensitive_attributes": []
        }
      ]
    },
    {
      "mode": "data",
      "type": "archive_file",
      "name": "function_face_detection_zip",
      "provider": "provider[\"registry.terraform.io/hashicorp/archive\"]",
      "instances": [
        {
          "schema_version": 0,
          "attributes": {
            "exclude_symlink_directories": null,
            "excludes": null,
            "id": "157b085d5a07ffd92768acf4cc2d18b2d5bb17c1",
            "output_base64sha256": "7eX5+N2599Z7LGZqA3hy3TJaprCkYaeWRY29Hbh5F6s=",
            "output_base64sha512": "mAg6lAYkCyY4zCjIJ6F3uRjwcYm559XCsOTxSNyAuNgLLPJB9wVJGWTN5+8baB1A84S01kSuNFT2YoPmDAYB2g==",
            "output_file_mode": null,
            "output_md5": "23d7a666ea34578969037edc0b588699",
            "output_path": "function-face-detection.zip",
            "output_sha": "157b085d5a07ffd92768acf4cc2d18b2d5bb17c1",
            "output_sha256": "ede5f9f8ddb9f7d67b2c666a037872dd325aa6b0a461a796458dbd1db87917ab",
            "output_sha512": "98083a9406240b2638cc28c827a177b918f07189b9e7d5c2b0e4f148dc80b8d80b2cf241f705491964cde7ef1b681d40f384b4d644ae3454f66283e60c0601da",
            "output_size": 5302,
            "source": [],
            "source_content": null,
            "source_content_filename": null,
            "source_dir": "./function-face-detection",
            "source_file": null,
            "type": "zip"
          },
          "sensitive_attributes": []
        }
      ]
    },
    {
      "mode": "data",
      "type": "archive_file",
      "name": "function_telegram_bot_zip",
      "provider": "provider[\"registry.terraform.io/hashicorp/archive\"]",
      "instances": [
        {
          "schema_version": 0,
          "attributes": {
            "exclude_symlink_directories": null,
            "excludes": null,
            "id": "87a76f8790834502c2569677c79f50b78f546254",
            "output_base64sha256": "/TbUCGkxt/d1Gx0TzrEBsGSnjlPLY1jnlazlXVxe4fQ=",
            "output_base64sha512": "NEXBLxs+ARWeHnLFH3juawwDins+LwdbIiHlKZ4m4NwzZL/UzRCb6S0FvVss87136PRW935ocUdVSIzqWmOlfA==",
            "output_file_mode": null,
            "output_md5": "118e82286effc4dd74fb8b8c65314285",
            "output_path": "function-telegram-bot.zip",
            "output_sha": "87a76f8790834502c2569677c79f50b78f546254",
            "output_sha256": "fd36d4086931b7f7751b1d13ceb101b064a78e53cb6358e795ace55d5c5ee1f4",
            "output_sha512": "3445c12f1b3e01159e1e72c51f78ee6b0c038a7b3e2f075b2221e5299e26e0dc3364bfd4cd109be92d05bd5b2cf3bd77e8f456f77e68714755488cea5a63a57c",
            "output_size": 5463,
            "source": [],
            "source_content": null,
            "source_content_filename": null,
            "source_dir": "./function-telegram-bot",
            "source_file": null,
            "type": "zip"
          },
          "sensitive_attributes": []
        }
      ]
    },
    {
      "mode": "data",
      "type": "http",
      "name": "telegram_bot_webhook",
      "provider": "provider[\"registry.terraform.io/hashicorp/http\"]",
      "instances": [
        {
          "schema_version": 0,
          "attributes": {
            "body": "{\"ok\":true,\"result\":true,\"description\":\"Webhook is already set\"}",
            "ca_cert_pem": null,
            "id": "https://api.telegram.org/bot6831737558:AAGtIUmYeX_4woF7D7YKjOXKss1SvhNPYdA/setWebhook?url=https://functions.yandexcloud.net/d4e39l6a2ai9fidjrtvk",
            "insecure": null,
            "method": null,
            "request_body": null,
            "request_headers": null,
            "request_timeout_ms": null,
            "response_body": "{\"ok\":true,\"result\":true,\"description\":\"Webhook is already set\"}",
            "response_body_base64": "eyJvayI6dHJ1ZSwicmVzdWx0Ijp0cnVlLCJkZXNjcmlwdGlvbiI6IldlYmhvb2sgaXMgYWxyZWFkeSBzZXQifQ==",
            "response_headers": {
              "Access-Control-Allow-Methods": "GET, POST, OPTIONS",
              "Access-Control-Allow-Origin": "*",
              "Access-Control-Expose-Headers": "Content-Length,Content-Type,Date,Server,Connection",
              "Content-Length": "64",
              "Content-Type": "application/json",
              "Date": "Thu, 30 Nov 2023 20:40:02 GMT",
              "Server": "nginx/1.18.0",
              "Strict-Transport-Security": "max-age=31536000; includeSubDomains; preload"
            },
            "retry": null,
            "status_code": 200,
            "url": "https://api.telegram.org/bot6831737558:AAGtIUmYeX_4woF7D7YKjOXKss1SvhNPYdA/setWebhook?url=https://functions.yandexcloud.net/d4e39l6a2ai9fidjrtvk"
          },
          "sensitive_attributes": []
        }
      ]
    },
    {
      "mode": "managed",
      "type": "yandex_api_gateway",
      "name": "api_gateway",
      "provider": "provider[\"registry.terraform.io/yandex-cloud/yandex\"]",
      "instances": [
        {
          "schema_version": 0,
          "attributes": {
            "canary": [],
            "connectivity": [],
            "created_at": "2023-11-30T19:58:08Z",
            "custom_domains": [],
            "description": "",
            "domain": "d5dps633lu5c3b9jq41h.apigw.yandexcloud.net",
            "folder_id": "b1gi36r7h8nnlhppgppc",
            "id": "d5dps633lu5c3b9jq41h",
            "labels": {},
            "log_group_id": "ckgu36di4hds7rmqca8j",
            "name": "vvot10-apigw",
            "spec": "openapi: \"3.0.0\"\ninfo:\n  version: 1.0.0\n  title: API\npaths:\n  /photos/{photo_id}:\n    get:\n      parameters:\n        - name: photo_id\n          in: path\n          required: true\n          schema:\n            type: string\n      x-yc-apigateway-integration:\n        type: object_storage\n        bucket: vvot10-photos\n        object: '{photo_id}'\n        error_object: error.html\n        service_account_id: ajeeob686506hh3gv5am\n  /faces/{face_id}:\n    get:\n      parameters:\n        - name: face_id\n          in: path\n          required: true\n          schema:\n            type: string\n      x-yc-apigateway-integration:\n        type: object_storage\n        bucket: vvot10-faces\n        object: '{face_id}'\n        error_object: error.html\n        service_account_id: ajeeob686506hh3gv5am\n",
            "status": "active",
            "timeouts": null,
            "user_domains": [],
            "variables": null
          },
          "sensitive_attributes": [],
          "private": "eyJlMmJmYjczMC1lY2FhLTExZTYtOGY4OC0zNDM2M2JjN2M0YzAiOnsiY3JlYXRlIjozMDAwMDAwMDAwMDAsImRlbGV0ZSI6MzAwMDAwMDAwMDAwLCJ1cGRhdGUiOjMwMDAwMDAwMDAwMH19",
          "dependencies": [
            "yandex_iam_service_account.sa_admin",
            "yandex_iam_service_account_static_access_key.sa_admin_static_access_keys",
            "yandex_storage_bucket.s3_faces",
            "yandex_storage_bucket.s3_photos"
          ]
        }
      ]
    },
    {
      "mode": "managed",
      "type": "yandex_function",
      "name": "function_face_cut",
      "provider": "provider[\"registry.terraform.io/yandex-cloud/yandex\"]",
      "instances": [
        {
          "schema_version": 0,
          "attributes": {
            "async_invocation": [],
            "connectivity": [],
            "content": [
              {
                "zip_filename": "function-face-cut.zip"
              }
            ],
            "created_at": "2023-11-30T19:58:15Z",
            "description": "",
            "entrypoint": "index.handler",
            "environment": {
              "ACCESS_KEY": "YCAJEZYuXeW-VHQSIqfjYN_bF",
              "FACES_BUCKED_ID": "vvot10-faces",
              "PHOTOS_BUCKED_ID": "vvot10-photos",
              "SECRET_KEY": "YCMB_SE79p5g66Ea6VyPzOPoyu9DW_KOzPQpb4Fl",
              "STORAGE_BASE_URI": "https://storage.yandexcloud.net",
              "YDB_DATABASE": "/ru-central1/b1g71e95h51okii30p25/etn2liourfegck0o3267",
              "YDB_ENDPOINT": "grpcs://ydb.serverless.yandexcloud.net:2135",
              "YDB_TABLE": "photo_face",
              "ZONE": "ru-central1-a"
            },
            "execution_timeout": "30",
            "folder_id": "b1gi36r7h8nnlhppgppc",
            "id": "d4et2gmc7k6c7ctnrbo3",
            "image_size": 53706752,
            "labels": {},
            "loggroup_id": "",
            "memory": 128,
            "name": "vvot10-face-cut",
            "package": [],
            "runtime": "python312",
            "secrets": [],
            "service_account_id": "ajeeob686506hh3gv5am",
            "tags": [],
            "timeouts": null,
            "user_hash": "7/FH9XkLV4HvSy80V8UccwcAU+JCdhj2rzPozW9S8MI=",
            "version": "d4eagnba7qpka85d3pi8"
          },
          "sensitive_attributes": [
            [
              {
                "type": "get_attr",
                "value": "environment"
              },
              {
                "type": "index",
                "value": {
                  "value": "SECRET_KEY",
                  "type": "string"
                }
              }
            ]
          ],
          "private": "eyJlMmJmYjczMC1lY2FhLTExZTYtOGY4OC0zNDM2M2JjN2M0YzAiOnsiY3JlYXRlIjo2MDAwMDAwMDAwMDAsImRlbGV0ZSI6NjAwMDAwMDAwMDAwLCJ1cGRhdGUiOjYwMDAwMDAwMDAwMH19",
          "dependencies": [
            "data.archive_file.function_face_cut_zip",
            "yandex_iam_service_account.sa_admin",
            "yandex_iam_service_account_static_access_key.sa_admin_static_access_keys",
            "yandex_storage_bucket.s3_faces",
            "yandex_storage_bucket.s3_photos",
            "yandex_ydb_database_serverless.ydb_photo_face"
          ]
        }
      ]
    },
    {
      "mode": "managed",
      "type": "yandex_function",
      "name": "function_face_detection",
      "provider": "provider[\"registry.terraform.io/yandex-cloud/yandex\"]",
      "instances": [
        {
          "schema_version": 0,
          "attributes": {
            "async_invocation": [],
            "connectivity": [],
            "content": [
              {
                "zip_filename": "function-face-detection.zip"
              }
            ],
            "created_at": "2023-11-30T19:58:03Z",
            "description": "",
            "entrypoint": "index.handler",
            "environment": {
              "ACCESS_KEY": "YCAJEZYuXeW-VHQSIqfjYN_bF",
              "API_KEY": "AQVNwBOaxclNiqNTc0Wl6pKSUucX3RO7wqsF0pg1",
              "FOLDER_ID": "b1gi36r7h8nnlhppgppc",
              "QUEUE_BASE_URI": "https://message-queue.api.cloud.yandex.net",
              "QUEUE_NAME": "vvot10-task",
              "SECRET_KEY": "YCMB_SE79p5g66Ea6VyPzOPoyu9DW_KOzPQpb4Fl",
              "STORAGE_BASE_URI": "https://storage.yandexcloud.net",
              "VISION_API_URI": "https://vision.api.cloud.yandex.net/vision/v1/batchAnalyze",
              "ZONE": "ru-central1-a"
            },
            "execution_timeout": "30",
            "folder_id": "b1gi36r7h8nnlhppgppc",
            "id": "d4edfokgnu389j6kt7jg",
            "image_size": 26509312,
            "labels": {},
            "loggroup_id": "",
            "memory": 128,
            "name": "vvot10-face-detection",
            "package": [],
            "runtime": "python312",
            "secrets": [],
            "service_account_id": "ajeeob686506hh3gv5am",
            "tags": [],
            "timeouts": null,
            "user_hash": "7eX5+N2599Z7LGZqA3hy3TJaprCkYaeWRY29Hbh5F6s=",
            "version": "d4et3oue8qosusml74hb"
          },
          "sensitive_attributes": [
            [
              {
                "type": "get_attr",
                "value": "environment"
              },
              {
                "type": "index",
                "value": {
                  "value": "API_KEY",
                  "type": "string"
                }
              }
            ],
            [
              {
                "type": "get_attr",
                "value": "environment"
              },
              {
                "type": "index",
                "value": {
                  "value": "SECRET_KEY",
                  "type": "string"
                }
              }
            ]
          ],
          "private": "eyJlMmJmYjczMC1lY2FhLTExZTYtOGY4OC0zNDM2M2JjN2M0YzAiOnsiY3JlYXRlIjo2MDAwMDAwMDAwMDAsImRlbGV0ZSI6NjAwMDAwMDAwMDAwLCJ1cGRhdGUiOjYwMDAwMDAwMDAwMH19",
          "dependencies": [
            "data.archive_file.function_face_detection_zip",
            "yandex_iam_service_account.sa_admin",
            "yandex_iam_service_account_api_key.sa_admin_api_key",
            "yandex_iam_service_account_static_access_key.sa_admin_static_access_keys"
          ]
        }
      ]
    },
    {
      "mode": "managed",
      "type": "yandex_function",
      "name": "telegram_bot",
      "provider": "provider[\"registry.terraform.io/yandex-cloud/yandex\"]",
      "instances": [
        {
          "schema_version": 0,
          "attributes": {
            "async_invocation": [],
            "connectivity": [],
            "content": [
              {
                "zip_filename": "function-telegram-bot.zip"
              }
            ],
            "created_at": "2023-11-30T19:58:16Z",
            "description": "",
            "entrypoint": "index.handler",
            "environment": {
              "FACE_URI": "https://d5dps633lu5c3b9jq41h.apigw.yandexcloud.net",
              "PHOTO_URI": "https://d5dps633lu5c3b9jq41h.apigw.yandexcloud.net",
              "TELEGRAM_TOKEN": "6831737558:AAGtIUmYeX_4woF7D7YKjOXKss1SvhNPYdA",
              "YDB_DATABASE": "/ru-central1/b1g71e95h51okii30p25/etn2liourfegck0o3267",
              "YDB_ENDPOINT": "grpcs://ydb.serverless.yandexcloud.net:2135",
              "YDB_TABLE": "photo_face"
            },
            "execution_timeout": "30",
            "folder_id": "b1gi36r7h8nnlhppgppc",
            "id": "d4e39l6a2ai9fidjrtvk",
            "image_size": 21045248,
            "labels": {},
            "loggroup_id": "",
            "memory": 128,
            "name": "vvot10-boot",
            "package": [],
            "runtime": "python312",
            "secrets": [],
            "service_account_id": "ajeeob686506hh3gv5am",
            "tags": [],
            "timeouts": null,
            "user_hash": "/TbUCGkxt/d1Gx0TzrEBsGSnjlPLY1jnlazlXVxe4fQ=",
            "version": "d4e1r8lsm2e9hqubhvpm"
          },
          "sensitive_attributes": [],
          "private": "eyJlMmJmYjczMC1lY2FhLTExZTYtOGY4OC0zNDM2M2JjN2M0YzAiOnsiY3JlYXRlIjo2MDAwMDAwMDAwMDAsImRlbGV0ZSI6NjAwMDAwMDAwMDAwLCJ1cGRhdGUiOjYwMDAwMDAwMDAwMH19",
          "dependencies": [
            "data.archive_file.function_telegram_bot_zip",
            "yandex_api_gateway.api_gateway",
            "yandex_iam_service_account.sa_admin",
            "yandex_iam_service_account_static_access_key.sa_admin_static_access_keys",
            "yandex_storage_bucket.s3_faces",
            "yandex_storage_bucket.s3_photos",
            "yandex_ydb_database_serverless.ydb_photo_face"
          ]
        }
      ]
    },
    {
      "mode": "managed",
      "type": "yandex_function_iam_binding",
      "name": "telegram_bot_iam",
      "provider": "provider[\"registry.terraform.io/yandex-cloud/yandex\"]",
      "instances": [
        {
          "schema_version": 0,
          "attributes": {
            "function_id": "d4e39l6a2ai9fidjrtvk",
            "id": "d4e39l6a2ai9fidjrtvk/serverless.functions.invoker",
            "members": [
              "system:allUsers"
            ],
            "role": "serverless.functions.invoker",
            "sleep_after": null,
            "timeouts": null
          },
          "sensitive_attributes": [],
          "private": "eyJlMmJmYjczMC1lY2FhLTExZTYtOGY4OC0zNDM2M2JjN2M0YzAiOnsiY3JlYXRlIjo2MDAwMDAwMDAwMCwiZGVmYXVsdCI6NjAwMDAwMDAwMDAsImRlbGV0ZSI6NjAwMDAwMDAwMDAsInJlYWQiOjYwMDAwMDAwMDAwLCJ1cGRhdGUiOjYwMDAwMDAwMDAwfX0=",
          "dependencies": [
            "data.archive_file.function_telegram_bot_zip",
            "yandex_api_gateway.api_gateway",
            "yandex_function.telegram_bot",
            "yandex_iam_service_account.sa_admin",
            "yandex_iam_service_account_static_access_key.sa_admin_static_access_keys",
            "yandex_storage_bucket.s3_faces",
            "yandex_storage_bucket.s3_photos",
            "yandex_ydb_database_serverless.ydb_photo_face"
          ]
        }
      ]
    },
    {
      "mode": "managed",
      "type": "yandex_function_trigger",
      "name": "function_face_cut_trigger",
      "provider": "provider[\"registry.terraform.io/yandex-cloud/yandex\"]",
      "instances": [
        {
          "schema_version": 0,
          "attributes": {
            "container": [],
            "created_at": "2023-11-30T19:58:49Z",
            "description": "",
            "dlq": [],
            "folder_id": "b1gi36r7h8nnlhppgppc",
            "function": [
              {
                "id": "d4et2gmc7k6c7ctnrbo3",
                "retry_attempts": "",
                "retry_interval": "",
                "service_account_id": "ajeeob686506hh3gv5am",
                "tag": ""
              }
            ],
            "id": "a1siiqp59cdjghap9q23",
            "iot": [],
            "labels": {},
            "log_group": [],
            "logging": [],
            "message_queue": [
              {
                "batch_cutoff": "0",
                "batch_size": "1",
                "queue_id": "yrn:yc:ymq:ru-central1:b1gi36r7h8nnlhppgppc:vvot10-task",
                "service_account_id": "ajeeob686506hh3gv5am",
                "visibility_timeout": ""
              }
            ],
            "name": "vvot10-task",
            "object_storage": [],
            "timeouts": null,
            "timer": []
          },
          "sensitive_attributes": [],
          "private": "eyJlMmJmYjczMC1lY2FhLTExZTYtOGY4OC0zNDM2M2JjN2M0YzAiOnsiY3JlYXRlIjozMDAwMDAwMDAwMDAsImRlbGV0ZSI6MzAwMDAwMDAwMDAwLCJ1cGRhdGUiOjMwMDAwMDAwMDAwMH19",
          "dependencies": [
            "data.archive_file.function_face_cut_zip",
            "yandex_function.function_face_cut",
            "yandex_iam_service_account.sa_admin",
            "yandex_iam_service_account_static_access_key.sa_admin_static_access_keys",
            "yandex_message_queue.queue_photo_face",
            "yandex_storage_bucket.s3_faces",
            "yandex_storage_bucket.s3_photos",
            "yandex_ydb_database_serverless.ydb_photo_face"
          ]
        }
      ]
    },
    {
      "mode": "managed",
      "type": "yandex_function_trigger",
      "name": "function_face_detection_trigger",
      "provider": "provider[\"registry.terraform.io/yandex-cloud/yandex\"]",
      "instances": [
        {
          "schema_version": 0,
          "attributes": {
            "container": [],
            "created_at": "2023-11-30T20:39:39Z",
            "description": "",
            "dlq": [],
            "folder_id": "b1gi36r7h8nnlhppgppc",
            "function": [
              {
                "id": "d4edfokgnu389j6kt7jg",
                "retry_attempts": "",
                "retry_interval": "",
                "service_account_id": "ajeeob686506hh3gv5am",
                "tag": ""
              }
            ],
            "id": "a1s8qhhe0qfd1nlcf2na",
            "iot": [],
            "labels": null,
            "log_group": [],
            "logging": [],
            "message_queue": [],
            "name": "vvot10-photos",
            "object_storage": [
              {
                "batch_cutoff": "0",
                "batch_size": "1",
                "bucket_id": "vvot10-photos",
                "create": true,
                "delete": false,
                "prefix": "",
                "suffix": ".jpg",
                "update": false
              }
            ],
            "timeouts": null,
            "timer": []
          },
          "sensitive_attributes": [],
          "private": "eyJlMmJmYjczMC1lY2FhLTExZTYtOGY4OC0zNDM2M2JjN2M0YzAiOnsiY3JlYXRlIjozMDAwMDAwMDAwMDAsImRlbGV0ZSI6MzAwMDAwMDAwMDAwLCJ1cGRhdGUiOjMwMDAwMDAwMDAwMH19",
          "dependencies": [
            "data.archive_file.function_face_detection_zip",
            "yandex_function.function_face_detection",
            "yandex_iam_service_account.sa_admin",
            "yandex_iam_service_account_api_key.sa_admin_api_key",
            "yandex_iam_service_account_static_access_key.sa_admin_static_access_keys",
            "yandex_storage_bucket.s3_photos"
          ]
        }
      ]
    },
    {
      "mode": "managed",
      "type": "yandex_iam_service_account",
      "name": "sa_admin",
      "provider": "provider[\"registry.terraform.io/yandex-cloud/yandex\"]",
      "instances": [
        {
          "schema_version": 0,
          "attributes": {
            "created_at": "2023-11-30T19:58:00Z",
            "description": "",
            "folder_id": "b1gi36r7h8nnlhppgppc",
            "id": "ajeeob686506hh3gv5am",
            "name": "sa-vvot10-admin",
            "timeouts": null
          },
          "sensitive_attributes": [],
          "private": "eyJlMmJmYjczMC1lY2FhLTExZTYtOGY4OC0zNDM2M2JjN2M0YzAiOnsiY3JlYXRlIjo2MDAwMDAwMDAwMCwiZGVsZXRlIjo2MDAwMDAwMDAwMCwidXBkYXRlIjo2MDAwMDAwMDAwMH19"
        }
      ]
    },
    {
      "mode": "managed",
      "type": "yandex_iam_service_account_api_key",
      "name": "sa_admin_api_key",
      "provider": "provider[\"registry.terraform.io/yandex-cloud/yandex\"]",
      "instances": [
        {
          "schema_version": 0,
          "attributes": {
            "created_at": "2023-11-30T19:58:02Z",
            "description": "",
            "encrypted_secret_key": null,
            "id": "aje02edcbiadhahl6sq5",
            "key_fingerprint": null,
            "pgp_key": null,
            "secret_key": "AQVNwBOaxclNiqNTc0Wl6pKSUucX3RO7wqsF0pg1",
            "service_account_id": "ajeeob686506hh3gv5am"
          },
          "sensitive_attributes": [],
          "private": "bnVsbA==",
          "dependencies": [
            "yandex_iam_service_account.sa_admin"
          ]
        }
      ]
    },
    {
      "mode": "managed",
      "type": "yandex_iam_service_account_static_access_key",
      "name": "sa_admin_static_access_keys",
      "provider": "provider[\"registry.terraform.io/yandex-cloud/yandex\"]",
      "instances": [
        {
          "schema_version": 0,
          "attributes": {
            "access_key": "YCAJEZYuXeW-VHQSIqfjYN_bF",
            "created_at": "2023-11-30T19:58:02Z",
            "description": "",
            "encrypted_secret_key": null,
            "id": "ajelcv7aphhukab6k3n3",
            "key_fingerprint": null,
            "pgp_key": null,
            "secret_key": "YCMB_SE79p5g66Ea6VyPzOPoyu9DW_KOzPQpb4Fl",
            "service_account_id": "ajeeob686506hh3gv5am"
          },
          "sensitive_attributes": [],
          "private": "bnVsbA==",
          "dependencies": [
            "yandex_iam_service_account.sa_admin"
          ]
        }
      ]
    },
    {
      "mode": "managed",
      "type": "yandex_message_queue",
      "name": "queue_photo_face",
      "provider": "provider[\"registry.terraform.io/yandex-cloud/yandex\"]",
      "instances": [
        {
          "schema_version": 0,
          "attributes": {
            "access_key": "YCAJEZYuXeW-VHQSIqfjYN_bF",
            "arn": "yrn:yc:ymq:ru-central1:b1gi36r7h8nnlhppgppc:vvot10-task",
            "content_based_deduplication": false,
            "delay_seconds": 0,
            "fifo_queue": false,
            "id": "https://message-queue.api.cloud.yandex.net/b1g71e95h51okii30p25/dj6000000014et5302mk/vvot10-task",
            "max_message_size": 262144,
            "message_retention_seconds": 345600,
            "name": "vvot10-task",
            "name_prefix": null,
            "receive_wait_time_seconds": 0,
            "redrive_policy": "",
            "region_id": "ru-central1",
            "secret_key": "YCMB_SE79p5g66Ea6VyPzOPoyu9DW_KOzPQpb4Fl",
            "visibility_timeout_seconds": 30
          },
          "sensitive_attributes": [
            [
              {
                "type": "get_attr",
                "value": "secret_key"
              }
            ]
          ],
          "private": "bnVsbA==",
          "dependencies": [
            "yandex_iam_service_account.sa_admin",
            "yandex_iam_service_account_static_access_key.sa_admin_static_access_keys"
          ]
        }
      ]
    },
    {
      "mode": "managed",
      "type": "yandex_resourcemanager_folder_iam_member",
      "name": "sa_admin_grant",
      "provider": "provider[\"registry.terraform.io/yandex-cloud/yandex\"]",
      "instances": [
        {
          "schema_version": 0,
          "attributes": {
            "folder_id": "b1gi36r7h8nnlhppgppc",
            "id": "b1gi36r7h8nnlhppgppc/admin/serviceAccount:ajeeob686506hh3gv5am",
            "member": "serviceAccount:ajeeob686506hh3gv5am",
            "role": "admin",
            "sleep_after": null,
            "timeouts": null
          },
          "sensitive_attributes": [],
          "private": "eyJlMmJmYjczMC1lY2FhLTExZTYtOGY4OC0zNDM2M2JjN2M0YzAiOnsiY3JlYXRlIjo2MDAwMDAwMDAwMCwiZGVmYXVsdCI6NjAwMDAwMDAwMDAsImRlbGV0ZSI6NjAwMDAwMDAwMDAsInJlYWQiOjYwMDAwMDAwMDAwLCJ1cGRhdGUiOjYwMDAwMDAwMDAwfX0=",
          "dependencies": [
            "yandex_iam_service_account.sa_admin"
          ]
        }
      ]
    },
    {
      "mode": "managed",
      "type": "yandex_storage_bucket",
      "name": "s3_faces",
      "provider": "provider[\"registry.terraform.io/yandex-cloud/yandex\"]",
      "instances": [
        {
          "schema_version": 0,
          "attributes": {
            "access_key": "YCAJEZYuXeW-VHQSIqfjYN_bF",
            "acl": null,
            "anonymous_access_flags": [
              {
                "config_read": false,
                "list": false,
                "read": false
              }
            ],
            "bucket": "vvot10-faces",
            "bucket_domain_name": "vvot10-faces.storage.yandexcloud.net",
            "bucket_prefix": null,
            "cors_rule": [],
            "default_storage_class": "STANDARD",
            "folder_id": "b1gi36r7h8nnlhppgppc",
            "force_destroy": false,
            "grant": [],
            "https": [],
            "id": "vvot10-faces",
            "lifecycle_rule": [],
            "logging": [],
            "max_size": 5368709120,
            "object_lock_configuration": [],
            "policy": "",
            "secret_key": "YCMB_SE79p5g66Ea6VyPzOPoyu9DW_KOzPQpb4Fl",
            "server_side_encryption_configuration": [],
            "tags": {},
            "versioning": [
              {
                "enabled": false
              }
            ],
            "website": [],
            "website_domain": null,
            "website_endpoint": null
          },
          "sensitive_attributes": [
            [
              {
                "type": "get_attr",
                "value": "secret_key"
              }
            ]
          ],
          "private": "bnVsbA==",
          "dependencies": [
            "yandex_iam_service_account.sa_admin",
            "yandex_iam_service_account_static_access_key.sa_admin_static_access_keys"
          ]
        }
      ]
    },
    {
      "mode": "managed",
      "type": "yandex_storage_bucket",
      "name": "s3_photos",
      "provider": "provider[\"registry.terraform.io/yandex-cloud/yandex\"]",
      "instances": [
        {
          "schema_version": 0,
          "attributes": {
            "access_key": "YCAJEZYuXeW-VHQSIqfjYN_bF",
            "acl": null,
            "anonymous_access_flags": [
              {
                "config_read": false,
                "list": false,
                "read": false
              }
            ],
            "bucket": "vvot10-photos",
            "bucket_domain_name": "vvot10-photos.storage.yandexcloud.net",
            "bucket_prefix": null,
            "cors_rule": [],
            "default_storage_class": "STANDARD",
            "folder_id": "b1gi36r7h8nnlhppgppc",
            "force_destroy": false,
            "grant": [],
            "https": [],
            "id": "vvot10-photos",
            "lifecycle_rule": [],
            "logging": [],
            "max_size": 5368709120,
            "object_lock_configuration": [],
            "policy": "",
            "secret_key": "YCMB_SE79p5g66Ea6VyPzOPoyu9DW_KOzPQpb4Fl",
            "server_side_encryption_configuration": [],
            "tags": {},
            "versioning": [
              {
                "enabled": false
              }
            ],
            "website": [],
            "website_domain": null,
            "website_endpoint": null
          },
          "sensitive_attributes": [
            [
              {
                "type": "get_attr",
                "value": "secret_key"
              }
            ]
          ],
          "private": "bnVsbA==",
          "dependencies": [
            "yandex_iam_service_account.sa_admin",
            "yandex_iam_service_account_static_access_key.sa_admin_static_access_keys"
          ]
        }
      ]
    },
    {
      "mode": "managed",
      "type": "yandex_ydb_database_serverless",
      "name": "ydb_photo_face",
      "provider": "provider[\"registry.terraform.io/yandex-cloud/yandex\"]",
      "instances": [
        {
          "schema_version": 0,
          "attributes": {
            "created_at": "2023-11-30T19:58:00Z",
            "database_path": "/ru-central1/b1g71e95h51okii30p25/etn2liourfegck0o3267",
            "deletion_protection": true,
            "description": "",
            "document_api_endpoint": "https://docapi.serverless.yandexcloud.net/ru-central1/b1g71e95h51okii30p25/etn2liourfegck0o3267",
            "folder_id": "b1gi36r7h8nnlhppgppc",
            "id": "etn2liourfegck0o3267",
            "labels": {},
            "location_id": "ru-central1",
            "name": "vvot10-db-photo-face",
            "serverless_database": [
              {
                "enable_throttling_rcu_limit": false,
                "provisioned_rcu_limit": 0,
                "storage_size_limit": 5,
                "throttling_rcu_limit": 0
              }
            ],
            "status": "RUNNING",
            "timeouts": null,
            "tls_enabled": true,
            "ydb_api_endpoint": "ydb.serverless.yandexcloud.net:2135",
            "ydb_full_endpoint": "grpcs://ydb.serverless.yandexcloud.net:2135/?database=/ru-central1/b1g71e95h51okii30p25/etn2liourfegck0o3267"
          },
          "sensitive_attributes": [],
          "private": "eyJlMmJmYjczMC1lY2FhLTExZTYtOGY4OC0zNDM2M2JjN2M0YzAiOnsiY3JlYXRlIjo2MDAwMDAwMDAwMDAsImRlZmF1bHQiOjYwMDAwMDAwMDAwMCwiZGVsZXRlIjo2MDAwMDAwMDAwMDAsInJlYWQiOjYwMDAwMDAwMDAwMCwidXBkYXRlIjo2MDAwMDAwMDAwMDB9fQ=="
        }
      ]
    },
    {
      "mode": "managed",
      "type": "yandex_ydb_table",
      "name": "ydb_photo_face_table",
      "provider": "provider[\"registry.terraform.io/yandex-cloud/yandex\"]",
      "instances": [
        {
          "schema_version": 0,
          "attributes": {
            "attributes": {},
            "column": [
              {
                "family": "",
                "name": "current_photo_bucket_id",
                "not_null": false,
                "type": "Utf8"
              },
              {
                "family": "",
                "name": "current_photo_name",
                "not_null": false,
                "type": "Utf8"
              },
              {
                "family": "",
                "name": "key",
                "not_null": true,
                "type": "Utf8"
              },
              {
                "family": "",
                "name": "name",
                "not_null": false,
                "type": "Utf8"
              },
              {
                "family": "",
                "name": "original_photo_bucket_id",
                "not_null": false,
                "type": "Utf8"
              },
              {
                "family": "",
                "name": "original_photo_name",
                "not_null": false,
                "type": "Utf8"
              },
              {
                "family": "",
                "name": "telegram_file_id",
                "not_null": false,
                "type": "Utf8"
              }
            ],
            "connection_string": "grpcs://ydb.serverless.yandexcloud.net:2135/?database=/ru-central1/b1g71e95h51okii30p25/etn2liourfegck0o3267",
            "family": [],
            "id": "grpcs://ydb.serverless.yandexcloud.net:2135/?database=/ru-central1/b1g71e95h51okii30p25/etn2liourfegck0o3267?path=photo_face",
            "key_bloom_filter": false,
            "partitioning_settings": [
              {
                "auto_partitioning_by_load": false,
                "auto_partitioning_by_size_enabled": true,
                "auto_partitioning_max_partitions_count": 0,
                "auto_partitioning_min_partitions_count": 1,
                "auto_partitioning_partition_size_mb": 2048,
                "partition_at_keys": [],
                "uniform_partitions": 0
              }
            ],
            "path": "photo_face",
            "primary_key": [
              "key"
            ],
            "read_replicas_settings": "PER_AZ:0",
            "timeouts": null,
            "ttl": []
          },
          "sensitive_attributes": [],
          "private": "eyJlMmJmYjczMC1lY2FhLTExZTYtOGY4OC0zNDM2M2JjN2M0YzAiOnsiY3JlYXRlIjoxMjAwMDAwMDAwMDAwLCJkZWZhdWx0IjoxMjAwMDAwMDAwMDAwLCJkZWxldGUiOjEyMDAwMDAwMDAwMDAsInJlYWQiOjEyMDAwMDAwMDAwMDAsInVwZGF0ZSI6MTIwMDAwMDAwMDAwMH19",
          "dependencies": [
            "yandex_ydb_database_serverless.ydb_photo_face"
          ]
        }
      ]
    }
  ],
  "check_results": null
}
